name: 'Lock threads'

on:
  workflow_dispatch:
  schedule:
    - cron: '0 0 * * *'

permissions:
  contents: read
  issues: write

jobs:
  lock:
    runs-on: ubuntu-latest
    timeout-minutes: 10
    steps:
      - uses: dessant/lock-threads@be8aa5be94131386884a6da4189effda9b14aa21 # v4
        with:
          github-token: ${{ github.token }}
          issue-inactive-days: '90'
          exclude-issue-created-before: ''
          exclude-any-issue-labels: ''
          add-issue-labels: ''
          issue-comment: ''
          issue-lock-reason: 'resolved'
          process-only: ''
